
Microsoft Visual Studio Solution File, Format Version 12.00
# Visual Studio Version 16
VisualStudioVersion = 16.0.31129.286
MinimumVisualStudioVersion = 10.0.40219.1
Project("{FAE04EC0-301F-11D3-BF4B-00C04F79EFBC}") = "AzureServiceBusSample1", "AzureServiceBusSample1\AzureServiceBusSample1.csproj", "{E20BF2DC-A8D7-4159-BCB9-34FE87CCE4E1}"
EndProject
Global
	GlobalSection(SolutionConfigurationPlatforms) = preSolution
		Debug|Any CPU = Debug|Any CPU
		Release|Any CPU = Release|Any CPU
	EndGlobalSection
	GlobalSection(ProjectConfigurationPlatforms) = postSolution
		{E20BF2DC-A8D7-4159-BCB9-34FE87CCE4E1}.Debug|Any CPU.ActiveCfg = Debug|Any CPU
		{E20BF2DC-A8D7-4159-BCB9-34FE87CCE4E1}.Debug|Any CPU.Build.0 = Debug|Any CPU
		{E20BF2DC-A8D7-4159-BCB9-34FE87CCE4E1}.Release|Any CPU.ActiveCfg = Release|Any CPU
		{E20BF2DC-A8D7-4159-BCB9-34FE87CCE4E1}.Release|Any CPU.Build.0 = Release|Any CPU
	EndGlobalSection
	GlobalSection(SolutionProperties) = preSolution
		HideSolutionNode = FALSE
	EndGlobalSection
	GlobalSection(ExtensibilityGlobals) = postSolution
		SolutionGuid = {F6E05DBC-6569-4552-A9FA-8F441C2C854A}
	EndGlobalSection
EndGlobal
